# This file is autogenerated, do not edit; changes may be undone by the next 'dep ensure'.


[[projects]]
  digest = "1:8b55da6790eeade578c1fd4ebaa5b0e641072172e1d743f3cb945ae73af463f9"
  name = "github.com/aws/aws-lambda-go"
  packages = [
    "lambda",
    "lambda/messages",
    "lambdacontext",
  ]
  pruneopts = ""
  revision = "2d482ef09017ae953b1e8d5a6ddac5b696663a3c"
  version = "v1.6.0"

[[projects]]
  branch = "master"
  digest = "1:1f260b272e7e5a53b5b50a800724264a9cf85e2a21afa512c3b4b5470bde9347"
  name = "github.com/mattsan/emattsan-go"
  packages = [
    "amesh",
    "amesh/constants",
    "amesh/index",
    "idobata",
  ]
  pruneopts = ""
  revision = "e42d06249769fd584f4f5dfaf3f2cc7bf08632b3"

[solve-meta]
  analyzer-name = "dep"
  analyzer-version = 1
  input-imports = [
    "github.com/aws/aws-lambda-go/lambda",
    "github.com/mattsan/emattsan-go/amesh",
    "github.com/mattsan/emattsan-go/idobata",
  ]
  solver-name = "gps-cdcl"
  solver-version = 1
