# This file is autogenerated, do not edit; changes may be undone by the next 'dep ensure'.


[[projects]]
  digest = "1:8b55da6790eeade578c1fd4ebaa5b0e641072172e1d743f3cb945ae73af463f9"
  name = "github.com/aws/aws-lambda-go"
  packages = [
    "lambda",
    "lambda/messages",
    "lambdacontext",
  ]
  pruneopts = ""
  revision = "2d482ef09017ae953b1e8d5a6ddac5b696663a3c"
  version = "v1.6.0"

[[projects]]
  branch = "master"
  digest = "1:09dcac8a4910a4fe96097e591fb9c174930e550c828cc8d6d1eb033d3ceeb4ed"
  name = "github.com/mattsan/emattsan-go"
  packages = [
    "amesh",
    "amesh/constants",
    "amesh/index",
    "idobata",
  ]
  pruneopts = ""
  revision = "e06255b6abe8b3842a1a5c8ee44a5cf86703103e"

[solve-meta]
  analyzer-name = "dep"
  analyzer-version = 1
  input-imports = [
    "github.com/aws/aws-lambda-go/lambda",
    "github.com/mattsan/emattsan-go/amesh",
    "github.com/mattsan/emattsan-go/idobata",
  ]
  solver-name = "gps-cdcl"
  solver-version = 1
